{
  "pins" : [
    {
      "identity" : "inputbaraccessoryview",
      "kind" : "remoteSourceControl",
      "location" : "https://github.com/nathantannar4/InputBarAccessoryView",
      "state" : {
        "revision" : "039a9cb3ae8c5bc4d39242a6aa688b88023633d3",
        "version" : "6.2.0"
      }
    },
    {
      "identity" : "messagekit",
      "kind" : "remoteSourceControl",
      "location" : "https://github.com/MessageKit/MessageKit",
      "state" : {
        "branch" : "main",
        "revision" : "1b7b63c59b23746e121a9c16366eae02135907f4"
      }
    },
    {
      "identity" : "swipecellkit",
      "kind" : "remoteSourceControl",
      "location" : "https://github.com/SwipeCellKit/SwipeCellKit.git",
      "state" : {
        "branch" : "develop",
        "revision" : "6d632bdf1b7309505566b0248a00f61b67415a37"
      }
    }
  ],
  "version" : 2
}
