// !$*UTF8*$!
{
	archiveVersion = 1;
	classes = {
	};
	objectVersion = 56;
	objects = {

/* Begin PBXBuildFile section */
		808EAE922A32BE6100DB3D66 /* AppDelegate.swift in Sources */ = {isa = PBXBuildFile; fileRef = 808EAE912A32BE6100DB3D66 /* AppDelegate.swift */; };
		808EAE942A32BE6100DB3D66 /* SceneDelegate.swift in Sources */ = {isa = PBXBuildFile; fileRef = 808EAE932A32BE6100DB3D66 /* SceneDelegate.swift */; };
		808EAE992A32BE6100DB3D66 /* Main.storyboard in Resources */ = {isa = PBXBuildFile; fileRef = 808EAE972A32BE6100DB3D66 /* Main.storyboard */; };
		808EAE9B2A32BE6200DB3D66 /* Assets.xcassets in Resources */ = {isa = PBXBuildFile; fileRef = 808EAE9A2A32BE6200DB3D66 /* Assets.xcassets */; };
		808EAE9E2A32BE6200DB3D66 /* LaunchScreen.storyboard in Resources */ = {isa = PBXBuildFile; fileRef = 808EAE9C2A32BE6200DB3D66 /* LaunchScreen.storyboard */; };
		808EAEA62A32C1F500DB3D66 /* WelcomeViewController.swift in Sources */ = {isa = PBXBuildFile; fileRef = 808EAEA52A32C1F500DB3D66 /* WelcomeViewController.swift */; };
		808EAEA92A32CB4800DB3D66 /* MessageKit in Frameworks */ = {isa = PBXBuildFile; productRef = 808EAEA82A32CB4800DB3D66 /* MessageKit */; };
		808EAEAC2A33433C00DB3D66 /* SwipeCellKit in Frameworks */ = {isa = PBXBuildFile; productRef = 808EAEAB2A33433C00DB3D66 /* SwipeCellKit */; };
		808EAEAE2A33442C00DB3D66 /* LoginViewController.swift in Sources */ = {isa = PBXBuildFile; fileRef = 808EAEAD2A33442C00DB3D66 /* LoginViewController.swift */; };
		808EAEB02A3349B800DB3D66 /* ChannelTableViewController.swift in Sources */ = {isa = PBXBuildFile; fileRef = 808EAEAF2A3349B800DB3D66 /* ChannelTableViewController.swift */; };
		808EAEB22A3364ED00DB3D66 /* ChatViewController.swift in Sources */ = {isa = PBXBuildFile; fileRef = 808EAEB12A3364ED00DB3D66 /* ChatViewController.swift */; };
		808EAEB82A37F02100DB3D66 /* Sender.swift in Sources */ = {isa = PBXBuildFile; fileRef = 808EAEB72A37F02100DB3D66 /* Sender.swift */; };
		808EAEBA2A37F06100DB3D66 /* Message.swift in Sources */ = {isa = PBXBuildFile; fileRef = 808EAEB92A37F06100DB3D66 /* Message.swift */; };
		808EAEBC2A37F28C00DB3D66 /* Channel.swift in Sources */ = {isa = PBXBuildFile; fileRef = 808EAEBB2A37F28C00DB3D66 /* Channel.swift */; };
		808EAEBF2A381C0300DB3D66 /* DataManager.swift in Sources */ = {isa = PBXBuildFile; fileRef = 808EAEBE2A381C0300DB3D66 /* DataManager.swift */; };
		808EAEC22A38C6AF00DB3D66 /* StoreKit.framework in Frameworks */ = {isa = PBXBuildFile; fileRef = 808EAEC12A38C6AF00DB3D66 /* StoreKit.framework */; };
		80E92EFC2A3DEA96006FF912 /* KeychainItem.swift in Sources */ = {isa = PBXBuildFile; fileRef = 80E92EFB2A3DEA96006FF912 /* KeychainItem.swift */; };
		80E92EFE2A3E072E006FF912 /* RegisterViewController.swift in Sources */ = {isa = PBXBuildFile; fileRef = 80E92EFD2A3E072E006FF912 /* RegisterViewController.swift */; };
		DF154068AB5596212FD286D7 /* Pods_bcchat.framework in Frameworks */ = {isa = PBXBuildFile; fileRef = 186CBD801322B274ABCE5758 /* Pods_bcchat.framework */; };
/* End PBXBuildFile section */

/* Begin PBXFileReference section */
		186CBD801322B274ABCE5758 /* Pods_bcchat.framework */ = {isa = PBXFileReference; explicitFileType = wrapper.framework; includeInIndex = 0; path = Pods_bcchat.framework; sourceTree = BUILT_PRODUCTS_DIR; };
		29AC84793CF6B557DE3BE856 /* Pods-bcchat.release.xcconfig */ = {isa = PBXFileReference; includeInIndex = 1; lastKnownFileType = text.xcconfig; name = "Pods-bcchat.release.xcconfig"; path = "Target Support Files/Pods-bcchat/Pods-bcchat.release.xcconfig"; sourceTree = "<group>"; };
		6538152A630103057FF72EFE /* Pods-bcchat.debug.xcconfig */ = {isa = PBXFileReference; includeInIndex = 1; lastKnownFileType = text.xcconfig; name = "Pods-bcchat.debug.xcconfig"; path = "Target Support Files/Pods-bcchat/Pods-bcchat.debug.xcconfig"; sourceTree = "<group>"; };
		808EAE8E2A32BE6100DB3D66 /* bcchat.app */ = {isa = PBXFileReference; explicitFileType = wrapper.application; includeInIndex = 0; path = bcchat.app; sourceTree = BUILT_PRODUCTS_DIR; };
		808EAE912A32BE6100DB3D66 /* AppDelegate.swift */ = {isa = PBXFileReference; lastKnownFileType = sourcecode.swift; path = AppDelegate.swift; sourceTree = "<group>"; };
		808EAE932A32BE6100DB3D66 /* SceneDelegate.swift */ = {isa = PBXFileReference; lastKnownFileType = sourcecode.swift; path = SceneDelegate.swift; sourceTree = "<group>"; };
		808EAE982A32BE6100DB3D66 /* Base */ = {isa = PBXFileReference; lastKnownFileType = file.storyboard; name = Base; path = Base.lproj/Main.storyboard; sourceTree = "<group>"; };
		808EAE9A2A32BE6200DB3D66 /* Assets.xcassets */ = {isa = PBXFileReference; lastKnownFileType = folder.assetcatalog; path = Assets.xcassets; sourceTree = "<group>"; };
		808EAE9D2A32BE6200DB3D66 /* Base */ = {isa = PBXFileReference; lastKnownFileType = file.storyboard; name = Base; path = Base.lproj/LaunchScreen.storyboard; sourceTree = "<group>"; };
		808EAE9F2A32BE6200DB3D66 /* Info.plist */ = {isa = PBXFileReference; lastKnownFileType = text.plist.xml; path = Info.plist; sourceTree = "<group>"; };
		808EAEA52A32C1F500DB3D66 /* WelcomeViewController.swift */ = {isa = PBXFileReference; lastKnownFileType = sourcecode.swift; path = WelcomeViewController.swift; sourceTree = "<group>"; };
		808EAEAD2A33442C00DB3D66 /* LoginViewController.swift */ = {isa = PBXFileReference; lastKnownFileType = sourcecode.swift; path = LoginViewController.swift; sourceTree = "<group>"; };
		808EAEAF2A3349B800DB3D66 /* ChannelTableViewController.swift */ = {isa = PBXFileReference; lastKnownFileType = sourcecode.swift; path = ChannelTableViewController.swift; sourceTree = "<group>"; };
		808EAEB12A3364ED00DB3D66 /* ChatViewController.swift */ = {isa = PBXFileReference; lastKnownFileType = sourcecode.swift; path = ChatViewController.swift; sourceTree = "<group>"; };
		808EAEB72A37F02100DB3D66 /* Sender.swift */ = {isa = PBXFileReference; lastKnownFileType = sourcecode.swift; path = Sender.swift; sourceTree = "<group>"; };
		808EAEB92A37F06100DB3D66 /* Message.swift */ = {isa = PBXFileReference; lastKnownFileType = sourcecode.swift; path = Message.swift; sourceTree = "<group>"; };
		808EAEBB2A37F28C00DB3D66 /* Channel.swift */ = {isa = PBXFileReference; lastKnownFileType = sourcecode.swift; path = Channel.swift; sourceTree = "<group>"; };
		808EAEBD2A380D2800DB3D66 /* Config-dev.xcconfig */ = {isa = PBXFileReference; lastKnownFileType = text.xcconfig; path = "Config-dev.xcconfig"; sourceTree = "<group>"; };
		808EAEBE2A381C0300DB3D66 /* DataManager.swift */ = {isa = PBXFileReference; lastKnownFileType = sourcecode.swift; path = DataManager.swift; sourceTree = "<group>"; };
		808EAEC12A38C6AF00DB3D66 /* StoreKit.framework */ = {isa = PBXFileReference; lastKnownFileType = wrapper.framework; name = StoreKit.framework; path = System/Library/Frameworks/StoreKit.framework; sourceTree = SDKROOT; };
		808EAEC32A3D0ABF00DB3D66 /* bcchat.entitlements */ = {isa = PBXFileReference; lastKnownFileType = text.plist.entitlements; path = bcchat.entitlements; sourceTree = "<group>"; };
		80E92EFB2A3DEA96006FF912 /* KeychainItem.swift */ = {isa = PBXFileReference; lastKnownFileType = sourcecode.swift; path = KeychainItem.swift; sourceTree = "<group>"; };
		80E92EFD2A3E072E006FF912 /* RegisterViewController.swift */ = {isa = PBXFileReference; lastKnownFileType = sourcecode.swift; path = RegisterViewController.swift; sourceTree = "<group>"; };
/* End PBXFileReference section */

/* Begin PBXFrameworksBuildPhase section */
		808EAE8B2A32BE6100DB3D66 /* Frameworks */ = {
			isa = PBXFrameworksBuildPhase;
			buildActionMask = 2147483647;
			files = (
				808EAEC22A38C6AF00DB3D66 /* StoreKit.framework in Frameworks */,
				808EAEAC2A33433C00DB3D66 /* SwipeCellKit in Frameworks */,
				808EAEA92A32CB4800DB3D66 /* MessageKit in Frameworks */,
				DF154068AB5596212FD286D7 /* Pods_bcchat.framework in Frameworks */,
			);
			runOnlyForDeploymentPostprocessing = 0;
		};
/* End PBXFrameworksBuildPhase section */

/* Begin PBXGroup section */
		808EAE852A32BE6100DB3D66 = {
			isa = PBXGroup;
			children = (
				808EAE902A32BE6100DB3D66 /* bcchat */,
				808EAE8F2A32BE6100DB3D66 /* Products */,
				808EAEC02A38C6AF00DB3D66 /* Frameworks */,
				EF0D7EFFBDC2174F839018D8 /* Pods */,
			);
			sourceTree = "<group>";
		};
		808EAE8F2A32BE6100DB3D66 /* Products */ = {
			isa = PBXGroup;
			children = (
				808EAE8E2A32BE6100DB3D66 /* bcchat.app */,
			);
			name = Products;
			sourceTree = "<group>";
		};
		808EAE902A32BE6100DB3D66 /* bcchat */ = {
			isa = PBXGroup;
			children = (
				808EAEC32A3D0ABF00DB3D66 /* bcchat.entitlements */,
				808EAEB62A376F8600DB3D66 /* Views */,
				808EAEB52A376F1600DB3D66 /* Models */,
				808EAEB42A376EB100DB3D66 /* Resources */,
				808EAEB32A33650B00DB3D66 /* Controllers */,
				808EAE9F2A32BE6200DB3D66 /* Info.plist */,
			);
			path = bcchat;
			sourceTree = "<group>";
		};
		808EAEB32A33650B00DB3D66 /* Controllers */ = {
			isa = PBXGroup;
			children = (
				808EAEA52A32C1F500DB3D66 /* WelcomeViewController.swift */,
				80E92EFD2A3E072E006FF912 /* RegisterViewController.swift */,
				808EAEAD2A33442C00DB3D66 /* LoginViewController.swift */,
				808EAEAF2A3349B800DB3D66 /* ChannelTableViewController.swift */,
				808EAEB12A3364ED00DB3D66 /* ChatViewController.swift */,
			);
			path = Controllers;
			sourceTree = "<group>";
		};
		808EAEB42A376EB100DB3D66 /* Resources */ = {
			isa = PBXGroup;
			children = (
				808EAE9A2A32BE6200DB3D66 /* Assets.xcassets */,
				808EAE912A32BE6100DB3D66 /* AppDelegate.swift */,
				808EAE932A32BE6100DB3D66 /* SceneDelegate.swift */,
				808EAEBD2A380D2800DB3D66 /* Config-dev.xcconfig */,
				80E92EFB2A3DEA96006FF912 /* KeychainItem.swift */,
			);
			path = Resources;
			sourceTree = "<group>";
		};
		808EAEB52A376F1600DB3D66 /* Models */ = {
			isa = PBXGroup;
			children = (
				808EAEB72A37F02100DB3D66 /* Sender.swift */,
				808EAEB92A37F06100DB3D66 /* Message.swift */,
				808EAEBB2A37F28C00DB3D66 /* Channel.swift */,
				808EAEBE2A381C0300DB3D66 /* DataManager.swift */,
			);
			path = Models;
			sourceTree = "<group>";
		};
		808EAEB62A376F8600DB3D66 /* Views */ = {
			isa = PBXGroup;
			children = (
				808EAE972A32BE6100DB3D66 /* Main.storyboard */,
				808EAE9C2A32BE6200DB3D66 /* LaunchScreen.storyboard */,
			);
			path = Views;
			sourceTree = "<group>";
		};
		808EAEC02A38C6AF00DB3D66 /* Frameworks */ = {
			isa = PBXGroup;
			children = (
				808EAEC12A38C6AF00DB3D66 /* StoreKit.framework */,
				186CBD801322B274ABCE5758 /* Pods_bcchat.framework */,
			);
			name = Frameworks;
			sourceTree = "<group>";
		};
		EF0D7EFFBDC2174F839018D8 /* Pods */ = {
			isa = PBXGroup;
			children = (
				6538152A630103057FF72EFE /* Pods-bcchat.debug.xcconfig */,
				29AC84793CF6B557DE3BE856 /* Pods-bcchat.release.xcconfig */,
			);
			path = Pods;
			sourceTree = "<group>";
		};
/* End PBXGroup section */

/* Begin PBXNativeTarget section */
		808EAE8D2A32BE6100DB3D66 /* bcchat */ = {
			isa = PBXNativeTarget;
			buildConfigurationList = 808EAEA22A32BE6200DB3D66 /* Build configuration list for PBXNativeTarget "bcchat" */;
			buildPhases = (
				1632D213D8ECDD292A5E3833 /* [CP] Check Pods Manifest.lock */,
				808EAE8A2A32BE6100DB3D66 /* Sources */,
				808EAE8B2A32BE6100DB3D66 /* Frameworks */,
				808EAE8C2A32BE6100DB3D66 /* Resources */,
				014F74A865BA9446D94638FB /* [CP] Embed Pods Frameworks */,
			);
			buildRules = (
			);
			dependencies = (
			);
			name = bcchat;
			packageProductDependencies = (
				808EAEA82A32CB4800DB3D66 /* MessageKit */,
				808EAEAB2A33433C00DB3D66 /* SwipeCellKit */,
			);
			productName = bcchat;
			productReference = 808EAE8E2A32BE6100DB3D66 /* bcchat.app */;
			productType = "com.apple.product-type.application";
		};
/* End PBXNativeTarget section */

/* Begin PBXProject section */
		808EAE862A32BE6100DB3D66 /* Project object */ = {
			isa = PBXProject;
			attributes = {
				BuildIndependentTargetsInParallel = 1;
				LastSwiftUpdateCheck = 1430;
				LastUpgradeCheck = 1430;
				TargetAttributes = {
					808EAE8D2A32BE6100DB3D66 = {
						CreatedOnToolsVersion = 14.3.1;
					};
				};
			};
			buildConfigurationList = 808EAE892A32BE6100DB3D66 /* Build configuration list for PBXProject "bcchat" */;
			compatibilityVersion = "Xcode 14.0";
			developmentRegion = en;
			hasScannedForEncodings = 0;
			knownRegions = (
				en,
				Base,
			);
			mainGroup = 808EAE852A32BE6100DB3D66;
			packageReferences = (
				808EAEA72A32CB4800DB3D66 /* XCRemoteSwiftPackageReference "MessageKit" */,
				808EAEAA2A33433C00DB3D66 /* XCRemoteSwiftPackageReference "SwipeCellKit" */,
			);
			productRefGroup = 808EAE8F2A32BE6100DB3D66 /* Products */;
			projectDirPath = "";
			projectRoot = "";
			targets = (
				808EAE8D2A32BE6100DB3D66 /* bcchat */,
			);
		};
/* End PBXProject section */

/* Begin PBXResourcesBuildPhase section */
		808EAE8C2A32BE6100DB3D66 /* Resources */ = {
			isa = PBXResourcesBuildPhase;
			buildActionMask = 2147483647;
			files = (
				808EAE9E2A32BE6200DB3D66 /* LaunchScreen.storyboard in Resources */,
				808EAE9B2A32BE6200DB3D66 /* Assets.xcassets in Resources */,
				808EAE992A32BE6100DB3D66 /* Main.storyboard in Resources */,
			);
			runOnlyForDeploymentPostprocessing = 0;
		};
/* End PBXResourcesBuildPhase section */

/* Begin PBXShellScriptBuildPhase section */
		014F74A865BA9446D94638FB /* [CP] Embed Pods Frameworks */ = {
			isa = PBXShellScriptBuildPhase;
			buildActionMask = 2147483647;
			files = (
			);
			inputFileListPaths = (
				"${PODS_ROOT}/Target Support Files/Pods-bcchat/Pods-bcchat-frameworks-${CONFIGURATION}-input-files.xcfilelist",
			);
			name = "[CP] Embed Pods Frameworks";
			outputFileListPaths = (
				"${PODS_ROOT}/Target Support Files/Pods-bcchat/Pods-bcchat-frameworks-${CONFIGURATION}-output-files.xcfilelist",
			);
			runOnlyForDeploymentPostprocessing = 0;
			shellPath = /bin/sh;
			shellScript = "\"${PODS_ROOT}/Target Support Files/Pods-bcchat/Pods-bcchat-frameworks.sh\"\n";
			showEnvVarsInLog = 0;
		};
		1632D213D8ECDD292A5E3833 /* [CP] Check Pods Manifest.lock */ = {
			isa = PBXShellScriptBuildPhase;
			buildActionMask = 2147483647;
			files = (
			);
			inputFileListPaths = (
			);
			inputPaths = (
				"${PODS_PODFILE_DIR_PATH}/Podfile.lock",
				"${PODS_ROOT}/Manifest.lock",
			);
			name = "[CP] Check Pods Manifest.lock";
			outputFileListPaths = (
			);
			outputPaths = (
				"$(DERIVED_FILE_DIR)/Pods-bcchat-checkManifestLockResult.txt",
			);
			runOnlyForDeploymentPostprocessing = 0;
			shellPath = /bin/sh;
			shellScript = "diff \"${PODS_PODFILE_DIR_PATH}/Podfile.lock\" \"${PODS_ROOT}/Manifest.lock\" > /dev/null\nif [ $? != 0 ] ; then\n    # print error to STDERR\n    echo \"error: The sandbox is not in sync with the Podfile.lock. Run 'pod install' or update your CocoaPods installation.\" >&2\n    exit 1\nfi\n# This output is used by Xcode 'outputs' to avoid re-running this script phase.\necho \"SUCCESS\" > \"${SCRIPT_OUTPUT_FILE_0}\"\n";
			showEnvVarsInLog = 0;
		};
/* End PBXShellScriptBuildPhase section */

/* Begin PBXSourcesBuildPhase section */
		808EAE8A2A32BE6100DB3D66 /* Sources */ = {
			isa = PBXSourcesBuildPhase;
			buildActionMask = 2147483647;
			files = (
				808EAEA62A32C1F500DB3D66 /* WelcomeViewController.swift in Sources */,
				808EAEBF2A381C0300DB3D66 /* DataManager.swift in Sources */,
				808EAEB82A37F02100DB3D66 /* Sender.swift in Sources */,
				80E92EFE2A3E072E006FF912 /* RegisterViewController.swift in Sources */,
				808EAEB02A3349B800DB3D66 /* ChannelTableViewController.swift in Sources */,
				808EAEB22A3364ED00DB3D66 /* ChatViewController.swift in Sources */,
				80E92EFC2A3DEA96006FF912 /* KeychainItem.swift in Sources */,
				808EAE922A32BE6100DB3D66 /* AppDelegate.swift in Sources */,
				808EAEBA2A37F06100DB3D66 /* Message.swift in Sources */,
				808EAEAE2A33442C00DB3D66 /* LoginViewController.swift in Sources */,
				808EAEBC2A37F28C00DB3D66 /* Channel.swift in Sources */,
				808EAE942A32BE6100DB3D66 /* SceneDelegate.swift in Sources */,
			);
			runOnlyForDeploymentPostprocessing = 0;
		};
/* End PBXSourcesBuildPhase section */

/* Begin PBXVariantGroup section */
		808EAE972A32BE6100DB3D66 /* Main.storyboard */ = {
			isa = PBXVariantGroup;
			children = (
				808EAE982A32BE6100DB3D66 /* Base */,
			);
			name = Main.storyboard;
			sourceTree = "<group>";
		};
		808EAE9C2A32BE6200DB3D66 /* LaunchScreen.storyboard */ = {
			isa = PBXVariantGroup;
			children = (
				808EAE9D2A32BE6200DB3D66 /* Base */,
			);
			name = LaunchScreen.storyboard;
			sourceTree = "<group>";
		};
/* End PBXVariantGroup section */

/* Begin XCBuildConfiguration section */
		808EAEA02A32BE6200DB3D66 /* Debug */ = {
			isa = XCBuildConfiguration;
			baseConfigurationReference = 808EAEBD2A380D2800DB3D66 /* Config-dev.xcconfig */;
			buildSettings = {
				ALWAYS_SEARCH_USER_PATHS = NO;
				CLANG_ANALYZER_NONNULL = YES;
				CLANG_ANALYZER_NUMBER_OBJECT_CONVERSION = YES_AGGRESSIVE;
				CLANG_CXX_LANGUAGE_STANDARD = "gnu++20";
				CLANG_ENABLE_MODULES = YES;
				CLANG_ENABLE_OBJC_ARC = YES;
				CLANG_ENABLE_OBJC_WEAK = YES;
				CLANG_WARN_BLOCK_CAPTURE_AUTORELEASING = YES;
				CLANG_WARN_BOOL_CONVERSION = YES;
				CLANG_WARN_COMMA = YES;
				CLANG_WARN_CONSTANT_CONVERSION = YES;
				CLANG_WARN_DEPRECATED_OBJC_IMPLEMENTATIONS = YES;
				CLANG_WARN_DIRECT_OBJC_ISA_USAGE = YES_ERROR;
				CLANG_WARN_DOCUMENTATION_COMMENTS = YES;
				CLANG_WARN_EMPTY_BODY = YES;
				CLANG_WARN_ENUM_CONVERSION = YES;
				CLANG_WARN_INFINITE_RECURSION = YES;
				CLANG_WARN_INT_CONVERSION = YES;
				CLANG_WARN_NON_LITERAL_NULL_CONVERSION = YES;
				CLANG_WARN_OBJC_IMPLICIT_RETAIN_SELF = YES;
				CLANG_WARN_OBJC_LITERAL_CONVERSION = YES;
				CLANG_WARN_OBJC_ROOT_CLASS = YES_ERROR;
				CLANG_WARN_QUOTED_INCLUDE_IN_FRAMEWORK_HEADER = YES;
				CLANG_WARN_RANGE_LOOP_ANALYSIS = YES;
				CLANG_WARN_STRICT_PROTOTYPES = YES;
				CLANG_WARN_SUSPICIOUS_MOVE = YES;
				CLANG_WARN_UNGUARDED_AVAILABILITY = YES_AGGRESSIVE;
				CLANG_WARN_UNREACHABLE_CODE = YES;
				CLANG_WARN__DUPLICATE_METHOD_MATCH = YES;
				COPY_PHASE_STRIP = NO;
				DEBUG_INFORMATION_FORMAT = dwarf;
				ENABLE_STRICT_OBJC_MSGSEND = YES;
				ENABLE_TESTABILITY = YES;
				GCC_C_LANGUAGE_STANDARD = gnu11;
				GCC_DYNAMIC_NO_PIC = NO;
				GCC_NO_COMMON_BLOCKS = YES;
				GCC_OPTIMIZATION_LEVEL = 0;
				GCC_PREPROCESSOR_DEFINITIONS = (
					"DEBUG=1",
					"$(inherited)",
				);
				GCC_WARN_64_TO_32_BIT_CONVERSION = YES;
				GCC_WARN_ABOUT_RETURN_TYPE = YES_ERROR;
				GCC_WARN_UNDECLARED_SELECTOR = YES;
				GCC_WARN_UNINITIALIZED_AUTOS = YES_AGGRESSIVE;
				GCC_WARN_UNUSED_FUNCTION = YES;
				GCC_WARN_UNUSED_VARIABLE = YES;
				IPHONEOS_DEPLOYMENT_TARGET = 16.4;
				MTL_ENABLE_DEBUG_INFO = INCLUDE_SOURCE;
				MTL_FAST_MATH = YES;
				ONLY_ACTIVE_ARCH = YES;
				SDKROOT = iphoneos;
				SWIFT_ACTIVE_COMPILATION_CONDITIONS = DEBUG;
				SWIFT_OPTIMIZATION_LEVEL = "-Onone";
			};
			name = Debug;
		};
		808EAEA12A32BE6200DB3D66 /* Release */ = {
			isa = XCBuildConfiguration;
			baseConfigurationReference = 808EAEBD2A380D2800DB3D66 /* Config-dev.xcconfig */;
			buildSettings = {
				ALWAYS_SEARCH_USER_PATHS = NO;
				CLANG_ANALYZER_NONNULL = YES;
				CLANG_ANALYZER_NUMBER_OBJECT_CONVERSION = YES_AGGRESSIVE;
				CLANG_CXX_LANGUAGE_STANDARD = "gnu++20";
				CLANG_ENABLE_MODULES = YES;
				CLANG_ENABLE_OBJC_ARC = YES;
				CLANG_ENABLE_OBJC_WEAK = YES;
				CLANG_WARN_BLOCK_CAPTURE_AUTORELEASING = YES;
				CLANG_WARN_BOOL_CONVERSION = YES;
				CLANG_WARN_COMMA = YES;
				CLANG_WARN_CONSTANT_CONVERSION = YES;
				CLANG_WARN_DEPRECATED_OBJC_IMPLEMENTATIONS = YES;
				CLANG_WARN_DIRECT_OBJC_ISA_USAGE = YES_ERROR;
				CLANG_WARN_DOCUMENTATION_COMMENTS = YES;
				CLANG_WARN_EMPTY_BODY = YES;
				CLANG_WARN_ENUM_CONVERSION = YES;
				CLANG_WARN_INFINITE_RECURSION = YES;
				CLANG_WARN_INT_CONVERSION = YES;
				CLANG_WARN_NON_LITERAL_NULL_CONVERSION = YES;
				CLANG_WARN_OBJC_IMPLICIT_RETAIN_SELF = YES;
				CLANG_WARN_OBJC_LITERAL_CONVERSION = YES;
				CLANG_WARN_OBJC_ROOT_CLASS = YES_ERROR;
				CLANG_WARN_QUOTED_INCLUDE_IN_FRAMEWORK_HEADER = YES;
				CLANG_WARN_RANGE_LOOP_ANALYSIS = YES;
				CLANG_WARN_STRICT_PROTOTYPES = YES;
				CLANG_WARN_SUSPICIOUS_MOVE = YES;
				CLANG_WARN_UNGUARDED_AVAILABILITY = YES_AGGRESSIVE;
				CLANG_WARN_UNREACHABLE_CODE = YES;
				CLANG_WARN__DUPLICATE_METHOD_MATCH = YES;
				COPY_PHASE_STRIP = NO;
				DEBUG_INFORMATION_FORMAT = "dwarf-with-dsym";
				ENABLE_NS_ASSERTIONS = NO;
				ENABLE_STRICT_OBJC_MSGSEND = YES;
				GCC_C_LANGUAGE_STANDARD = gnu11;
				GCC_NO_COMMON_BLOCKS = YES;
				GCC_WARN_64_TO_32_BIT_CONVERSION = YES;
				GCC_WARN_ABOUT_RETURN_TYPE = YES_ERROR;
				GCC_WARN_UNDECLARED_SELECTOR = YES;
				GCC_WARN_UNINITIALIZED_AUTOS = YES_AGGRESSIVE;
				GCC_WARN_UNUSED_FUNCTION = YES;
				GCC_WARN_UNUSED_VARIABLE = YES;
				IPHONEOS_DEPLOYMENT_TARGET = 16.4;
				MTL_ENABLE_DEBUG_INFO = NO;
				MTL_FAST_MATH = YES;
				SDKROOT = iphoneos;
				SWIFT_COMPILATION_MODE = wholemodule;
				SWIFT_OPTIMIZATION_LEVEL = "-O";
				VALIDATE_PRODUCT = YES;
			};
			name = Release;
		};
		808EAEA32A32BE6200DB3D66 /* Debug */ = {
			isa = XCBuildConfiguration;
			baseConfigurationReference = 6538152A630103057FF72EFE /* Pods-bcchat.debug.xcconfig */;
			buildSettings = {
				ASSETCATALOG_COMPILER_APPICON_NAME = AppIcon;
				ASSETCATALOG_COMPILER_GLOBAL_ACCENT_COLOR_NAME = AccentColor;
				CODE_SIGN_ENTITLEMENTS = bcchat/bcchat.entitlements;
				CODE_SIGN_STYLE = Automatic;
				CURRENT_PROJECT_VERSION = 1;
				DEVELOPMENT_TEAM = RFBL3P62SY;
				GENERATE_INFOPLIST_FILE = YES;
				INFOPLIST_FILE = bcchat/Info.plist;
				INFOPLIST_KEY_CFBundleDisplayName = bcChat;
				INFOPLIST_KEY_UIApplicationSupportsIndirectInputEvents = YES;
				INFOPLIST_KEY_UILaunchStoryboardName = LaunchScreen;
				INFOPLIST_KEY_UIMainStoryboardFile = Main;
				INFOPLIST_KEY_UISupportedInterfaceOrientations_iPad = "UIInterfaceOrientationPortrait UIInterfaceOrientationPortraitUpsideDown UIInterfaceOrientationLandscapeLeft UIInterfaceOrientationLandscapeRight";
				INFOPLIST_KEY_UISupportedInterfaceOrientations_iPhone = "UIInterfaceOrientationPortrait UIInterfaceOrientationLandscapeLeft UIInterfaceOrientationLandscapeRight";
				IPHONEOS_DEPLOYMENT_TARGET = 14.0;
				LD_RUNPATH_SEARCH_PATHS = (
					"$(inherited)",
					"@executable_path/Frameworks",
				);
				MARKETING_VERSION = 1.0;
				PRODUCT_BUNDLE_IDENTIFIER = com.braincloud.bcchat;
				PRODUCT_NAME = "$(TARGET_NAME)";
				SUPPORTED_PLATFORMS = "iphoneos iphonesimulator";
				SUPPORTS_MACCATALYST = YES;
				SUPPORTS_MAC_DESIGNED_FOR_IPHONE_IPAD = YES;
				SWIFT_EMIT_LOC_STRINGS = YES;
				SWIFT_VERSION = 5.0;
				TARGETED_DEVICE_FAMILY = "1,2";
			};
			name = Debug;
		};
		808EAEA42A32BE6200DB3D66 /* Release */ = {
			isa = XCBuildConfiguration;
			baseConfigurationReference = 29AC84793CF6B557DE3BE856 /* Pods-bcchat.release.xcconfig */;
			buildSettings = {
				ASSETCATALOG_COMPILER_APPICON_NAME = AppIcon;
				ASSETCATALOG_COMPILER_GLOBAL_ACCENT_COLOR_NAME = AccentColor;
				CODE_SIGN_ENTITLEMENTS = bcchat/bcchat.entitlements;
				CODE_SIGN_STYLE = Automatic;
				CURRENT_PROJECT_VERSION = 1;
				DEVELOPMENT_TEAM = RFBL3P62SY;
				GENERATE_INFOPLIST_FILE = YES;
				INFOPLIST_FILE = bcchat/Info.plist;
				INFOPLIST_KEY_CFBundleDisplayName = bcChat;
				INFOPLIST_KEY_UIApplicationSupportsIndirectInputEvents = YES;
				INFOPLIST_KEY_UILaunchStoryboardName = LaunchScreen;
				INFOPLIST_KEY_UIMainStoryboardFile = Main;
				INFOPLIST_KEY_UISupportedInterfaceOrientations_iPad = "UIInterfaceOrientationPortrait UIInterfaceOrientationPortraitUpsideDown UIInterfaceOrientationLandscapeLeft UIInterfaceOrientationLandscapeRight";
				INFOPLIST_KEY_UISupportedInterfaceOrientations_iPhone = "UIInterfaceOrientationPortrait UIInterfaceOrientationLandscapeLeft UIInterfaceOrientationLandscapeRight";
				IPHONEOS_DEPLOYMENT_TARGET = 14.0;
				LD_RUNPATH_SEARCH_PATHS = (
					"$(inherited)",
					"@executable_path/Frameworks",
				);
				MARKETING_VERSION = 1.0;
				PRODUCT_BUNDLE_IDENTIFIER = com.braincloud.bcchat;
				PRODUCT_NAME = "$(TARGET_NAME)";
				SUPPORTED_PLATFORMS = "iphoneos iphonesimulator";
				SUPPORTS_MACCATALYST = YES;
				SUPPORTS_MAC_DESIGNED_FOR_IPHONE_IPAD = YES;
				SWIFT_EMIT_LOC_STRINGS = YES;
				SWIFT_VERSION = 5.0;
				TARGETED_DEVICE_FAMILY = "1,2";
			};
			name = Release;
		};
/* End XCBuildConfiguration section */

/* Begin XCConfigurationList section */
		808EAE892A32BE6100DB3D66 /* Build configuration list for PBXProject "bcchat" */ = {
			isa = XCConfigurationList;
			buildConfigurations = (
				808EAEA02A32BE6200DB3D66 /* Debug */,
				808EAEA12A32BE6200DB3D66 /* Release */,
			);
			defaultConfigurationIsVisible = 0;
			defaultConfigurationName = Release;
		};
		808EAEA22A32BE6200DB3D66 /* Build configuration list for PBXNativeTarget "bcchat" */ = {
			isa = XCConfigurationList;
			buildConfigurations = (
				808EAEA32A32BE6200DB3D66 /* Debug */,
				808EAEA42A32BE6200DB3D66 /* Release */,
			);
			defaultConfigurationIsVisible = 0;
			defaultConfigurationName = Release;
		};
/* End XCConfigurationList section */

/* Begin XCRemoteSwiftPackageReference section */
		808EAEA72A32CB4800DB3D66 /* XCRemoteSwiftPackageReference "MessageKit" */ = {
			isa = XCRemoteSwiftPackageReference;
			repositoryURL = "https://github.com/MessageKit/MessageKit";
			requirement = {
				branch = main;
				kind = branch;
			};
		};
		808EAEAA2A33433C00DB3D66 /* XCRemoteSwiftPackageReference "SwipeCellKit" */ = {
			isa = XCRemoteSwiftPackageReference;
			repositoryURL = "https://github.com/SwipeCellKit/SwipeCellKit.git";
			requirement = {
				branch = develop;
				kind = branch;
			};
		};
/* End XCRemoteSwiftPackageReference section */

/* Begin XCSwiftPackageProductDependency section */
		808EAEA82A32CB4800DB3D66 /* MessageKit */ = {
			isa = XCSwiftPackageProductDependency;
			package = 808EAEA72A32CB4800DB3D66 /* XCRemoteSwiftPackageReference "MessageKit" */;
			productName = MessageKit;
		};
		808EAEAB2A33433C00DB3D66 /* SwipeCellKit */ = {
			isa = XCSwiftPackageProductDependency;
			package = 808EAEAA2A33433C00DB3D66 /* XCRemoteSwiftPackageReference "SwipeCellKit" */;
			productName = SwipeCellKit;
		};
/* End XCSwiftPackageProductDependency section */
	};
	rootObject = 808EAE862A32BE6100DB3D66 /* Project object */;
}
