PODS:
  - BrainCloud (4.8.0):
    - BrainCloudCpp (= 4.8.0)
  - BrainCloudCpp (4.8.0):
    - BrainCloudJsonCpp
    - SocketRocket (~> 0.5)
    - SSKeychain
  - BrainCloudJsonCpp (1.0.0)
  - SocketRocket (0.6.0)
  - SSKeychain (1.4.1)

DEPENDENCIES:
  - BrainCloud (= 4.8.0)

SPEC REPOS:
  trunk:
    - BrainCloud
    - BrainCloudCpp
    - BrainCloudJsonCpp
    - SocketRocket
    - SSKeychain

SPEC CHECKSUMS:
  BrainCloud: d0241f980df5abe74ccc618973541e95b3aca783
  BrainCloudCpp: 2b88cdc0104259045ef3dc17232873910aca4861
  BrainCloudJsonCpp: 668a2cef2109fc8effbc473716d1f3d42f1fd346
  SocketRocket: fccef3f9c5cedea1353a9ef6ada904fde10d6608
  SSKeychain: 55cc80f66f5c73da827e3077f02e43528897db41

PODFILE CHECKSUM: ee13efe6631bae19344d19acb874a9a87923f8b3

COCOAPODS: 1.10.1
