// !$*UTF8*$!
{
	archiveVersion = 1;
	classes = {
	};
	objectVersion = 50;
	objects = {

/* Begin PBXBuildFile section */
		03FB584206A2BA93C5710372 /* Pods_brainCloudSwiftUI.framework in Frameworks */ = {isa = PBXBuildFile; fileRef = A8F618DD106313A81A152F41 /* Pods_brainCloudSwiftUI.framework */; };
		80C4E76426D87A54000E0B71 /* brainCloudSwiftUIApp.swift in Sources */ = {isa = PBXBuildFile; fileRef = 80C4E76326D87A54000E0B71 /* brainCloudSwiftUIApp.swift */; };
		80C4E76626D87A54000E0B71 /* ContentView.swift in Sources */ = {isa = PBXBuildFile; fileRef = 80C4E76526D87A54000E0B71 /* ContentView.swift */; };
		80C4E76826D87A55000E0B71 /* Assets.xcassets in Resources */ = {isa = PBXBuildFile; fileRef = 80C4E76726D87A55000E0B71 /* Assets.xcassets */; };
		80C4E76B26D87A55000E0B71 /* Preview Assets.xcassets in Resources */ = {isa = PBXBuildFile; fileRef = 80C4E76A26D87A55000E0B71 /* Preview Assets.xcassets */; };
		80C4E77626D87B47000E0B71 /* DetailView.swift in Sources */ = {isa = PBXBuildFile; fileRef = 80C4E77426D87B46000E0B71 /* DetailView.swift */; };
		80C4E77726D87B47000E0B71 /* WebView.swift in Sources */ = {isa = PBXBuildFile; fileRef = 80C4E77526D87B46000E0B71 /* WebView.swift */; };
		80C4E77B26D87B76000E0B71 /* PostData.swift in Sources */ = {isa = PBXBuildFile; fileRef = 80C4E77926D87B76000E0B71 /* PostData.swift */; };
/* End PBXBuildFile section */

/* Begin PBXFileReference section */
		77A18711DB54482274EB96E5 /* Pods-brainCloudSwiftUI.debug.xcconfig */ = {isa = PBXFileReference; includeInIndex = 1; lastKnownFileType = text.xcconfig; name = "Pods-brainCloudSwiftUI.debug.xcconfig"; path = "Target Support Files/Pods-brainCloudSwiftUI/Pods-brainCloudSwiftUI.debug.xcconfig"; sourceTree = "<group>"; };
		80C4E76026D87A54000E0B71 /* brainCloudSwiftUI.app */ = {isa = PBXFileReference; explicitFileType = wrapper.application; includeInIndex = 0; path = brainCloudSwiftUI.app; sourceTree = BUILT_PRODUCTS_DIR; };
		80C4E76326D87A54000E0B71 /* brainCloudSwiftUIApp.swift */ = {isa = PBXFileReference; lastKnownFileType = sourcecode.swift; path = brainCloudSwiftUIApp.swift; sourceTree = "<group>"; };
		80C4E76526D87A54000E0B71 /* ContentView.swift */ = {isa = PBXFileReference; lastKnownFileType = sourcecode.swift; path = ContentView.swift; sourceTree = "<group>"; };
		80C4E76726D87A55000E0B71 /* Assets.xcassets */ = {isa = PBXFileReference; lastKnownFileType = folder.assetcatalog; path = Assets.xcassets; sourceTree = "<group>"; };
		80C4E76A26D87A55000E0B71 /* Preview Assets.xcassets */ = {isa = PBXFileReference; lastKnownFileType = folder.assetcatalog; path = "Preview Assets.xcassets"; sourceTree = "<group>"; };
		80C4E76C26D87A55000E0B71 /* Info.plist */ = {isa = PBXFileReference; lastKnownFileType = text.plist.xml; path = Info.plist; sourceTree = "<group>"; };
		80C4E77426D87B46000E0B71 /* DetailView.swift */ = {isa = PBXFileReference; fileEncoding = 4; lastKnownFileType = sourcecode.swift; path = DetailView.swift; sourceTree = "<group>"; };
		80C4E77526D87B46000E0B71 /* WebView.swift */ = {isa = PBXFileReference; fileEncoding = 4; lastKnownFileType = sourcecode.swift; path = WebView.swift; sourceTree = "<group>"; };
		80C4E77926D87B76000E0B71 /* PostData.swift */ = {isa = PBXFileReference; fileEncoding = 4; lastKnownFileType = sourcecode.swift; path = PostData.swift; sourceTree = "<group>"; };
		A8F618DD106313A81A152F41 /* Pods_brainCloudSwiftUI.framework */ = {isa = PBXFileReference; explicitFileType = wrapper.framework; includeInIndex = 0; path = Pods_brainCloudSwiftUI.framework; sourceTree = BUILT_PRODUCTS_DIR; };
		F2C1C8B83E7B2368FBAAA723 /* Pods-brainCloudSwiftUI.release.xcconfig */ = {isa = PBXFileReference; includeInIndex = 1; lastKnownFileType = text.xcconfig; name = "Pods-brainCloudSwiftUI.release.xcconfig"; path = "Target Support Files/Pods-brainCloudSwiftUI/Pods-brainCloudSwiftUI.release.xcconfig"; sourceTree = "<group>"; };
/* End PBXFileReference section */

/* Begin PBXFrameworksBuildPhase section */
		80C4E75D26D87A54000E0B71 /* Frameworks */ = {
			isa = PBXFrameworksBuildPhase;
			buildActionMask = 2147483647;
			files = (
				03FB584206A2BA93C5710372 /* Pods_brainCloudSwiftUI.framework in Frameworks */,
			);
			runOnlyForDeploymentPostprocessing = 0;
		};
/* End PBXFrameworksBuildPhase section */

/* Begin PBXGroup section */
		5BD34D172BE09961758B893D /* Frameworks */ = {
			isa = PBXGroup;
			children = (
				A8F618DD106313A81A152F41 /* Pods_brainCloudSwiftUI.framework */,
			);
			name = Frameworks;
			sourceTree = "<group>";
		};
		80C4E75726D87A54000E0B71 = {
			isa = PBXGroup;
			children = (
				80C4E76226D87A54000E0B71 /* brainCloudSwiftUI */,
				80C4E76126D87A54000E0B71 /* Products */,
				C1B5EE37E7731D6007ADC31C /* Pods */,
				5BD34D172BE09961758B893D /* Frameworks */,
			);
			sourceTree = "<group>";
		};
		80C4E76126D87A54000E0B71 /* Products */ = {
			isa = PBXGroup;
			children = (
				80C4E76026D87A54000E0B71 /* brainCloudSwiftUI.app */,
			);
			name = Products;
			sourceTree = "<group>";
		};
		80C4E76226D87A54000E0B71 /* brainCloudSwiftUI */ = {
			isa = PBXGroup;
			children = (
				80C4E76326D87A54000E0B71 /* brainCloudSwiftUIApp.swift */,
				80C4E77226D87A60000E0B71 /* Views */,
				80C4E76726D87A55000E0B71 /* Assets.xcassets */,
				80C4E77326D87A9B000E0B71 /* Moudles */,
				80C4E76C26D87A55000E0B71 /* Info.plist */,
				80C4E76926D87A55000E0B71 /* Preview Content */,
			);
			path = brainCloudSwiftUI;
			sourceTree = "<group>";
		};
		80C4E76926D87A55000E0B71 /* Preview Content */ = {
			isa = PBXGroup;
			children = (
				80C4E76A26D87A55000E0B71 /* Preview Assets.xcassets */,
			);
			path = "Preview Content";
			sourceTree = "<group>";
		};
		80C4E77226D87A60000E0B71 /* Views */ = {
			isa = PBXGroup;
			children = (
				80C4E76526D87A54000E0B71 /* ContentView.swift */,
				80C4E77426D87B46000E0B71 /* DetailView.swift */,
				80C4E77526D87B46000E0B71 /* WebView.swift */,
			);
			path = Views;
			sourceTree = "<group>";
		};
		80C4E77326D87A9B000E0B71 /* Moudles */ = {
			isa = PBXGroup;
			children = (
				80C4E77926D87B76000E0B71 /* PostData.swift */,
			);
			path = Moudles;
			sourceTree = "<group>";
		};
		C1B5EE37E7731D6007ADC31C /* Pods */ = {
			isa = PBXGroup;
			children = (
				77A18711DB54482274EB96E5 /* Pods-brainCloudSwiftUI.debug.xcconfig */,
				F2C1C8B83E7B2368FBAAA723 /* Pods-brainCloudSwiftUI.release.xcconfig */,
			);
			name = Pods;
			path = Pods;
			sourceTree = "<group>";
		};
/* End PBXGroup section */

/* Begin PBXNativeTarget section */
		80C4E75F26D87A54000E0B71 /* brainCloudSwiftUI */ = {
			isa = PBXNativeTarget;
			buildConfigurationList = 80C4E76F26D87A55000E0B71 /* Build configuration list for PBXNativeTarget "brainCloudSwiftUI" */;
			buildPhases = (
				1FA33E83F6B821FC17B8EA25 /* [CP] Check Pods Manifest.lock */,
				80C4E75C26D87A54000E0B71 /* Sources */,
				80C4E75D26D87A54000E0B71 /* Frameworks */,
				80C4E75E26D87A54000E0B71 /* Resources */,
				FB008D5A31BAC6A1D1DBE200 /* [CP] Embed Pods Frameworks */,
			);
			buildRules = (
			);
			dependencies = (
			);
			name = brainCloudSwiftUI;
			productName = brainCloudSwiftUI;
			productReference = 80C4E76026D87A54000E0B71 /* brainCloudSwiftUI.app */;
			productType = "com.apple.product-type.application";
		};
/* End PBXNativeTarget section */

/* Begin PBXProject section */
		80C4E75826D87A54000E0B71 /* Project object */ = {
			isa = PBXProject;
			attributes = {
				LastSwiftUpdateCheck = 1250;
				LastUpgradeCheck = 1250;
				TargetAttributes = {
					80C4E75F26D87A54000E0B71 = {
						CreatedOnToolsVersion = 12.5.1;
					};
				};
			};
			buildConfigurationList = 80C4E75B26D87A54000E0B71 /* Build configuration list for PBXProject "brainCloudSwiftUI" */;
			compatibilityVersion = "Xcode 9.3";
			developmentRegion = en;
			hasScannedForEncodings = 0;
			knownRegions = (
				en,
				Base,
			);
			mainGroup = 80C4E75726D87A54000E0B71;
			productRefGroup = 80C4E76126D87A54000E0B71 /* Products */;
			projectDirPath = "";
			projectRoot = "";
			targets = (
				80C4E75F26D87A54000E0B71 /* brainCloudSwiftUI */,
			);
		};
/* End PBXProject section */

/* Begin PBXResourcesBuildPhase section */
		80C4E75E26D87A54000E0B71 /* Resources */ = {
			isa = PBXResourcesBuildPhase;
			buildActionMask = 2147483647;
			files = (
				80C4E76B26D87A55000E0B71 /* Preview Assets.xcassets in Resources */,
				80C4E76826D87A55000E0B71 /* Assets.xcassets in Resources */,
			);
			runOnlyForDeploymentPostprocessing = 0;
		};
/* End PBXResourcesBuildPhase section */

/* Begin PBXShellScriptBuildPhase section */
		1FA33E83F6B821FC17B8EA25 /* [CP] Check Pods Manifest.lock */ = {
			isa = PBXShellScriptBuildPhase;
			buildActionMask = 2147483647;
			files = (
			);
			inputFileListPaths = (
			);
			inputPaths = (
				"${PODS_PODFILE_DIR_PATH}/Podfile.lock",
				"${PODS_ROOT}/Manifest.lock",
			);
			name = "[CP] Check Pods Manifest.lock";
			outputFileListPaths = (
			);
			outputPaths = (
				"$(DERIVED_FILE_DIR)/Pods-brainCloudSwiftUI-checkManifestLockResult.txt",
			);
			runOnlyForDeploymentPostprocessing = 0;
			shellPath = /bin/sh;
			shellScript = "diff \"${PODS_PODFILE_DIR_PATH}/Podfile.lock\" \"${PODS_ROOT}/Manifest.lock\" > /dev/null\nif [ $? != 0 ] ; then\n    # print error to STDERR\n    echo \"error: The sandbox is not in sync with the Podfile.lock. Run 'pod install' or update your CocoaPods installation.\" >&2\n    exit 1\nfi\n# This output is used by Xcode 'outputs' to avoid re-running this script phase.\necho \"SUCCESS\" > \"${SCRIPT_OUTPUT_FILE_0}\"\n";
			showEnvVarsInLog = 0;
		};
		FB008D5A31BAC6A1D1DBE200 /* [CP] Embed Pods Frameworks */ = {
			isa = PBXShellScriptBuildPhase;
			buildActionMask = 2147483647;
			files = (
			);
			inputFileListPaths = (
				"${PODS_ROOT}/Target Support Files/Pods-brainCloudSwiftUI/Pods-brainCloudSwiftUI-frameworks-${CONFIGURATION}-input-files.xcfilelist",
			);
			name = "[CP] Embed Pods Frameworks";
			outputFileListPaths = (
				"${PODS_ROOT}/Target Support Files/Pods-brainCloudSwiftUI/Pods-brainCloudSwiftUI-frameworks-${CONFIGURATION}-output-files.xcfilelist",
			);
			runOnlyForDeploymentPostprocessing = 0;
			shellPath = /bin/sh;
			shellScript = "\"${PODS_ROOT}/Target Support Files/Pods-brainCloudSwiftUI/Pods-brainCloudSwiftUI-frameworks.sh\"\n";
			showEnvVarsInLog = 0;
		};
/* End PBXShellScriptBuildPhase section */

/* Begin PBXSourcesBuildPhase section */
		80C4E75C26D87A54000E0B71 /* Sources */ = {
			isa = PBXSourcesBuildPhase;
			buildActionMask = 2147483647;
			files = (
				80C4E76626D87A54000E0B71 /* ContentView.swift in Sources */,
				80C4E77B26D87B76000E0B71 /* PostData.swift in Sources */,
				80C4E77726D87B47000E0B71 /* WebView.swift in Sources */,
				80C4E77626D87B47000E0B71 /* DetailView.swift in Sources */,
				80C4E76426D87A54000E0B71 /* brainCloudSwiftUIApp.swift in Sources */,
			);
			runOnlyForDeploymentPostprocessing = 0;
		};
/* End PBXSourcesBuildPhase section */

/* Begin XCBuildConfiguration section */
		80C4E76D26D87A55000E0B71 /* Debug */ = {
			isa = XCBuildConfiguration;
			buildSettings = {
				ALWAYS_SEARCH_USER_PATHS = NO;
				CLANG_ANALYZER_NONNULL = YES;
				CLANG_ANALYZER_NUMBER_OBJECT_CONVERSION = YES_AGGRESSIVE;
				CLANG_CXX_LANGUAGE_STANDARD = "gnu++14";
				CLANG_CXX_LIBRARY = "libc++";
				CLANG_ENABLE_MODULES = YES;
				CLANG_ENABLE_OBJC_ARC = YES;
				CLANG_ENABLE_OBJC_WEAK = YES;
				CLANG_WARN_BLOCK_CAPTURE_AUTORELEASING = YES;
				CLANG_WARN_BOOL_CONVERSION = YES;
				CLANG_WARN_COMMA = YES;
				CLANG_WARN_CONSTANT_CONVERSION = YES;
				CLANG_WARN_DEPRECATED_OBJC_IMPLEMENTATIONS = YES;
				CLANG_WARN_DIRECT_OBJC_ISA_USAGE = YES_ERROR;
				CLANG_WARN_DOCUMENTATION_COMMENTS = YES;
				CLANG_WARN_EMPTY_BODY = YES;
				CLANG_WARN_ENUM_CONVERSION = YES;
				CLANG_WARN_INFINITE_RECURSION = YES;
				CLANG_WARN_INT_CONVERSION = YES;
				CLANG_WARN_NON_LITERAL_NULL_CONVERSION = YES;
				CLANG_WARN_OBJC_IMPLICIT_RETAIN_SELF = YES;
				CLANG_WARN_OBJC_LITERAL_CONVERSION = YES;
				CLANG_WARN_OBJC_ROOT_CLASS = YES_ERROR;
				CLANG_WARN_QUOTED_INCLUDE_IN_FRAMEWORK_HEADER = YES;
				CLANG_WARN_RANGE_LOOP_ANALYSIS = YES;
				CLANG_WARN_STRICT_PROTOTYPES = YES;
				CLANG_WARN_SUSPICIOUS_MOVE = YES;
				CLANG_WARN_UNGUARDED_AVAILABILITY = YES_AGGRESSIVE;
				CLANG_WARN_UNREACHABLE_CODE = YES;
				CLANG_WARN__DUPLICATE_METHOD_MATCH = YES;
				COPY_PHASE_STRIP = NO;
				DEBUG_INFORMATION_FORMAT = dwarf;
				ENABLE_STRICT_OBJC_MSGSEND = YES;
				ENABLE_TESTABILITY = YES;
				GCC_C_LANGUAGE_STANDARD = gnu11;
				GCC_DYNAMIC_NO_PIC = NO;
				GCC_NO_COMMON_BLOCKS = YES;
				GCC_OPTIMIZATION_LEVEL = 0;
				GCC_PREPROCESSOR_DEFINITIONS = (
					"DEBUG=1",
					"$(inherited)",
				);
				GCC_WARN_64_TO_32_BIT_CONVERSION = YES;
				GCC_WARN_ABOUT_RETURN_TYPE = YES_ERROR;
				GCC_WARN_UNDECLARED_SELECTOR = YES;
				GCC_WARN_UNINITIALIZED_AUTOS = YES_AGGRESSIVE;
				GCC_WARN_UNUSED_FUNCTION = YES;
				GCC_WARN_UNUSED_VARIABLE = YES;
				IPHONEOS_DEPLOYMENT_TARGET = 14.5;
				MTL_ENABLE_DEBUG_INFO = INCLUDE_SOURCE;
				MTL_FAST_MATH = YES;
				ONLY_ACTIVE_ARCH = YES;
				SDKROOT = iphoneos;
				SWIFT_ACTIVE_COMPILATION_CONDITIONS = DEBUG;
				SWIFT_OPTIMIZATION_LEVEL = "-Onone";
			};
			name = Debug;
		};
		80C4E76E26D87A55000E0B71 /* Release */ = {
			isa = XCBuildConfiguration;
			buildSettings = {
				ALWAYS_SEARCH_USER_PATHS = NO;
				CLANG_ANALYZER_NONNULL = YES;
				CLANG_ANALYZER_NUMBER_OBJECT_CONVERSION = YES_AGGRESSIVE;
				CLANG_CXX_LANGUAGE_STANDARD = "gnu++14";
				CLANG_CXX_LIBRARY = "libc++";
				CLANG_ENABLE_MODULES = YES;
				CLANG_ENABLE_OBJC_ARC = YES;
				CLANG_ENABLE_OBJC_WEAK = YES;
				CLANG_WARN_BLOCK_CAPTURE_AUTORELEASING = YES;
				CLANG_WARN_BOOL_CONVERSION = YES;
				CLANG_WARN_COMMA = YES;
				CLANG_WARN_CONSTANT_CONVERSION = YES;
				CLANG_WARN_DEPRECATED_OBJC_IMPLEMENTATIONS = YES;
				CLANG_WARN_DIRECT_OBJC_ISA_USAGE = YES_ERROR;
				CLANG_WARN_DOCUMENTATION_COMMENTS = YES;
				CLANG_WARN_EMPTY_BODY = YES;
				CLANG_WARN_ENUM_CONVERSION = YES;
				CLANG_WARN_INFINITE_RECURSION = YES;
				CLANG_WARN_INT_CONVERSION = YES;
				CLANG_WARN_NON_LITERAL_NULL_CONVERSION = YES;
				CLANG_WARN_OBJC_IMPLICIT_RETAIN_SELF = YES;
				CLANG_WARN_OBJC_LITERAL_CONVERSION = YES;
				CLANG_WARN_OBJC_ROOT_CLASS = YES_ERROR;
				CLANG_WARN_QUOTED_INCLUDE_IN_FRAMEWORK_HEADER = YES;
				CLANG_WARN_RANGE_LOOP_ANALYSIS = YES;
				CLANG_WARN_STRICT_PROTOTYPES = YES;
				CLANG_WARN_SUSPICIOUS_MOVE = YES;
				CLANG_WARN_UNGUARDED_AVAILABILITY = YES_AGGRESSIVE;
				CLANG_WARN_UNREACHABLE_CODE = YES;
				CLANG_WARN__DUPLICATE_METHOD_MATCH = YES;
				COPY_PHASE_STRIP = NO;
				DEBUG_INFORMATION_FORMAT = "dwarf-with-dsym";
				ENABLE_NS_ASSERTIONS = NO;
				ENABLE_STRICT_OBJC_MSGSEND = YES;
				GCC_C_LANGUAGE_STANDARD = gnu11;
				GCC_NO_COMMON_BLOCKS = YES;
				GCC_WARN_64_TO_32_BIT_CONVERSION = YES;
				GCC_WARN_ABOUT_RETURN_TYPE = YES_ERROR;
				GCC_WARN_UNDECLARED_SELECTOR = YES;
				GCC_WARN_UNINITIALIZED_AUTOS = YES_AGGRESSIVE;
				GCC_WARN_UNUSED_FUNCTION = YES;
				GCC_WARN_UNUSED_VARIABLE = YES;
				IPHONEOS_DEPLOYMENT_TARGET = 14.5;
				MTL_ENABLE_DEBUG_INFO = NO;
				MTL_FAST_MATH = YES;
				SDKROOT = iphoneos;
				SWIFT_COMPILATION_MODE = wholemodule;
				SWIFT_OPTIMIZATION_LEVEL = "-O";
				VALIDATE_PRODUCT = YES;
			};
			name = Release;
		};
		80C4E77026D87A55000E0B71 /* Debug */ = {
			isa = XCBuildConfiguration;
			baseConfigurationReference = 77A18711DB54482274EB96E5 /* Pods-brainCloudSwiftUI.debug.xcconfig */;
			buildSettings = {
				ASSETCATALOG_COMPILER_APPICON_NAME = AppIcon;
				ASSETCATALOG_COMPILER_GLOBAL_ACCENT_COLOR_NAME = AccentColor;
				CODE_SIGN_STYLE = Automatic;
				DEVELOPMENT_ASSET_PATHS = "\"brainCloudSwiftUI/Preview Content\"";
				DEVELOPMENT_TEAM = RFBL3P62SY;
				ENABLE_PREVIEWS = YES;
				INFOPLIST_FILE = brainCloudSwiftUI/Info.plist;
				IPHONEOS_DEPLOYMENT_TARGET = 14.0;
				LD_RUNPATH_SEARCH_PATHS = (
					"$(inherited)",
					"@executable_path/Frameworks",
				);
				PRODUCT_BUNDLE_IDENTIFIER = com.bitheads.brainCloudSwiftUI;
				PRODUCT_NAME = "$(TARGET_NAME)";
				SWIFT_VERSION = 5.0;
				TARGETED_DEVICE_FAMILY = "1,2";
			};
			name = Debug;
		};
		80C4E77126D87A55000E0B71 /* Release */ = {
			isa = XCBuildConfiguration;
			baseConfigurationReference = F2C1C8B83E7B2368FBAAA723 /* Pods-brainCloudSwiftUI.release.xcconfig */;
			buildSettings = {
				ASSETCATALOG_COMPILER_APPICON_NAME = AppIcon;
				ASSETCATALOG_COMPILER_GLOBAL_ACCENT_COLOR_NAME = AccentColor;
				CODE_SIGN_STYLE = Automatic;
				DEVELOPMENT_ASSET_PATHS = "\"brainCloudSwiftUI/Preview Content\"";
				DEVELOPMENT_TEAM = RFBL3P62SY;
				ENABLE_PREVIEWS = YES;
				INFOPLIST_FILE = brainCloudSwiftUI/Info.plist;
				IPHONEOS_DEPLOYMENT_TARGET = 14.0;
				LD_RUNPATH_SEARCH_PATHS = (
					"$(inherited)",
					"@executable_path/Frameworks",
				);
				PRODUCT_BUNDLE_IDENTIFIER = com.bitheads.brainCloudSwiftUI;
				PRODUCT_NAME = "$(TARGET_NAME)";
				SWIFT_VERSION = 5.0;
				TARGETED_DEVICE_FAMILY = "1,2";
			};
			name = Release;
		};
/* End XCBuildConfiguration section */

/* Begin XCConfigurationList section */
		80C4E75B26D87A54000E0B71 /* Build configuration list for PBXProject "brainCloudSwiftUI" */ = {
			isa = XCConfigurationList;
			buildConfigurations = (
				80C4E76D26D87A55000E0B71 /* Debug */,
				80C4E76E26D87A55000E0B71 /* Release */,
			);
			defaultConfigurationIsVisible = 0;
			defaultConfigurationName = Release;
		};
		80C4E76F26D87A55000E0B71 /* Build configuration list for PBXNativeTarget "brainCloudSwiftUI" */ = {
			isa = XCConfigurationList;
			buildConfigurations = (
				80C4E77026D87A55000E0B71 /* Debug */,
				80C4E77126D87A55000E0B71 /* Release */,
			);
			defaultConfigurationIsVisible = 0;
			defaultConfigurationName = Release;
		};
/* End XCConfigurationList section */
	};
	rootObject = 80C4E75826D87A54000E0B71 /* Project object */;
}
