PODS:
  - BrainCloud (3.9.0):
    - BrainCloudCpp (= 3.9.0)
  - BrainCloudCpp (3.9.0):
    - BrainCloudJsonCpp
    - SocketRocket (~> 0.5)
    - SSKeychain
  - BrainCloudJsonCpp (1.0.0)
  - SocketRocket (0.5.1)
  - SSKeychain (1.4.1)

DEPENDENCIES:
  - BrainCloud

SPEC REPOS:
  https://github.com/cocoapods/specs.git:
    - BrainCloud
    - BrainCloudCpp
    - BrainCloudJsonCpp
    - SocketRocket
    - SSKeychain

SPEC CHECKSUMS:
  BrainCloud: 620097e63e14119794e38aa5612f41d3ce665237
  BrainCloudCpp: 70d4b83134298f20bdf015dde857fef1f34519b7
  BrainCloudJsonCpp: 668a2cef2109fc8effbc473716d1f3d42f1fd346
  SocketRocket: d57c7159b83c3c6655745cd15302aa24b6bae531
  SSKeychain: 55cc80f66f5c73da827e3077f02e43528897db41

PODFILE CHECKSUM: 445f1eb59aafe0ce70e6400e0d1d2e043f723d0a

COCOAPODS: 1.5.3
